
Microsoft Visual Studio Solution File, Format Version 12.00
# Visual Studio 15
VisualStudioVersion = 15.0.27130.2027
MinimumVisualStudioVersion = 10.0.40219.1
Project("{FAE04EC0-301F-11D3-BF4B-00C04F79EFBC}") = "Bards Tale Trainer", "Bards Tale Trainer\Bards Tale Trainer.csproj", "{68386FC0-DEFF-48EC-8F6D-65FD32F39A0D}"
EndProject
Global
	GlobalSection(SolutionConfigurationPlatforms) = preSolution
		Debug|Any CPU = Debug|Any CPU
		Release|Any CPU = Release|Any CPU
	EndGlobalSection
	GlobalSection(ProjectConfigurationPlatforms) = postSolution
		{68386FC0-DEFF-48EC-8F6D-65FD32F39A0D}.Debug|Any CPU.ActiveCfg = Debug|Any CPU
		{68386FC0-DEFF-48EC-8F6D-65FD32F39A0D}.Debug|Any CPU.Build.0 = Debug|Any CPU
		{68386FC0-DEFF-48EC-8F6D-65FD32F39A0D}.Release|Any CPU.ActiveCfg = Release|Any CPU
		{68386FC0-DEFF-48EC-8F6D-65FD32F39A0D}.Release|Any CPU.Build.0 = Release|Any CPU
	EndGlobalSection
	GlobalSection(SolutionProperties) = preSolution
		HideSolutionNode = FALSE
	EndGlobalSection
	GlobalSection(ExtensibilityGlobals) = postSolution
		SolutionGuid = {5B8513D6-783B-47CB-87A2-BC4C590B60F1}
	EndGlobalSection
EndGlobal
