
Microsoft Visual Studio Solution File, Format Version 12.00
# Visual Studio 14
VisualStudioVersion = 14.0.23107.0
MinimumVisualStudioVersion = 10.0.40219.1
Project("{FAE04EC0-301F-11D3-BF4B-00C04F79EFBC}") = "Trainer Manager", "Trainer Manager\Trainer Manager.csproj", "{98BB75F6-7C81-4E57-903F-559140A2A851}"
EndProject
Project("{54435603-DBB4-11D2-8724-00A0C9A8B90C}") = "Trainer Installer", "Trainer Installer\Trainer Installer.vdproj", "{28A2019F-D32A-49A7-B559-4ECCC9E8947C}"
EndProject
Global
	GlobalSection(SolutionConfigurationPlatforms) = preSolution
		Debug|Any CPU = Debug|Any CPU
		Release|Any CPU = Release|Any CPU
	EndGlobalSection
	GlobalSection(ProjectConfigurationPlatforms) = postSolution
		{98BB75F6-7C81-4E57-903F-559140A2A851}.Debug|Any CPU.ActiveCfg = Debug|Any CPU
		{98BB75F6-7C81-4E57-903F-559140A2A851}.Debug|Any CPU.Build.0 = Debug|Any CPU
		{98BB75F6-7C81-4E57-903F-559140A2A851}.Release|Any CPU.ActiveCfg = Release|Any CPU
		{98BB75F6-7C81-4E57-903F-559140A2A851}.Release|Any CPU.Build.0 = Release|Any CPU
		{28A2019F-D32A-49A7-B559-4ECCC9E8947C}.Debug|Any CPU.ActiveCfg = Debug
		{28A2019F-D32A-49A7-B559-4ECCC9E8947C}.Debug|Any CPU.Build.0 = Debug
		{28A2019F-D32A-49A7-B559-4ECCC9E8947C}.Release|Any CPU.ActiveCfg = Release
		{28A2019F-D32A-49A7-B559-4ECCC9E8947C}.Release|Any CPU.Build.0 = Release
	EndGlobalSection
	GlobalSection(SolutionProperties) = preSolution
		HideSolutionNode = FALSE
	EndGlobalSection
EndGlobal
